
Microsoft Visual Studio Solution File, Format Version 11.00
# Visual Studio 2010
Project("{FAE04EC0-301F-11D3-BF4B-00C04F79EFBC}") = "ImagineCupServer", "ImagineCupServer\ImagineCupServer.csproj", "{83065503-26E5-4387-8F6C-25C21A5B99C2}"
EndProject
Project("{CC5FD16D-436D-48AD-A40C-5A424C6E3E79}") = "ImagineCupCloud", "ImagineCupCloud\ImagineCupCloud.ccproj", "{47FB09C8-9173-44D6-8763-01339ED9CD19}"
EndProject
Global
	GlobalSection(SolutionConfigurationPlatforms) = preSolution
		Debug|Any CPU = Debug|Any CPU
		Release|Any CPU = Release|Any CPU
	EndGlobalSection
	GlobalSection(ProjectConfigurationPlatforms) = postSolution
		{83065503-26E5-4387-8F6C-25C21A5B99C2}.Debug|Any CPU.ActiveCfg = Debug|Any CPU
		{83065503-26E5-4387-8F6C-25C21A5B99C2}.Debug|Any CPU.Build.0 = Debug|Any CPU
		{83065503-26E5-4387-8F6C-25C21A5B99C2}.Release|Any CPU.ActiveCfg = Release|Any CPU
		{83065503-26E5-4387-8F6C-25C21A5B99C2}.Release|Any CPU.Build.0 = Release|Any CPU
		{47FB09C8-9173-44D6-8763-01339ED9CD19}.Debug|Any CPU.ActiveCfg = Debug|Any CPU
		{47FB09C8-9173-44D6-8763-01339ED9CD19}.Debug|Any CPU.Build.0 = Debug|Any CPU
		{47FB09C8-9173-44D6-8763-01339ED9CD19}.Release|Any CPU.ActiveCfg = Release|Any CPU
		{47FB09C8-9173-44D6-8763-01339ED9CD19}.Release|Any CPU.Build.0 = Release|Any CPU
	EndGlobalSection
	GlobalSection(SolutionProperties) = preSolution
		HideSolutionNode = FALSE
	EndGlobalSection
EndGlobal
