
Microsoft Visual Studio Solution File, Format Version 11.00
# Visual Studio 2010 Express for Windows Phone
Project("{FAE04EC0-301F-11D3-BF4B-00C04F79EFBC}") = "ECHelper2.0", "ECHelper2.0\ECHelper2.0.csproj", "{B0BFC6B8-FC99-46C8-8E22-1016ED46568B}"
EndProject
Global
	GlobalSection(SolutionConfigurationPlatforms) = preSolution
		Debug|Any CPU = Debug|Any CPU
		Release|Any CPU = Release|Any CPU
	EndGlobalSection
	GlobalSection(ProjectConfigurationPlatforms) = postSolution
		{B0BFC6B8-FC99-46C8-8E22-1016ED46568B}.Debug|Any CPU.ActiveCfg = Debug|Any CPU
		{B0BFC6B8-FC99-46C8-8E22-1016ED46568B}.Debug|Any CPU.Build.0 = Debug|Any CPU
		{B0BFC6B8-FC99-46C8-8E22-1016ED46568B}.Debug|Any CPU.Deploy.0 = Debug|Any CPU
		{B0BFC6B8-FC99-46C8-8E22-1016ED46568B}.Release|Any CPU.ActiveCfg = Release|Any CPU
		{B0BFC6B8-FC99-46C8-8E22-1016ED46568B}.Release|Any CPU.Build.0 = Release|Any CPU
		{B0BFC6B8-FC99-46C8-8E22-1016ED46568B}.Release|Any CPU.Deploy.0 = Release|Any CPU
	EndGlobalSection
	GlobalSection(SolutionProperties) = preSolution
		HideSolutionNode = FALSE
	EndGlobalSection
EndGlobal
